// !$*UTF8*$!
{
	archiveVersion = 1;
	classes = {
	};
	objectVersion = 56;
	objects = {

/* Begin PBXBuildFile section */
		F826098B2C184C2F00EBA2E2 /* AppDelegate.m in Sources */ = {isa = PBXBuildFile; fileRef = F826098A2C184C2F00EBA2E2 /* AppDelegate.m */; };
		F826098E2C184C2F00EBA2E2 /* SceneDelegate.m in Sources */ = {isa = PBXBuildFile; fileRef = F826098D2C184C2F00EBA2E2 /* SceneDelegate.m */; };
		F82609912C184C2F00EBA2E2 /* ViewController.m in Sources */ = {isa = PBXBuildFile; fileRef = F82609902C184C2F00EBA2E2 /* ViewController.m */; };
		F82609942C184C2F00EBA2E2 /* Base in Resources */ = {isa = PBXBuildFile; fileRef = F82609932C184C2F00EBA2E2 /* Base */; };
		F82609962C184C3200EBA2E2 /* Assets.xcassets in Resources */ = {isa = PBXBuildFile; fileRef = F82609952C184C3200EBA2E2 /* Assets.xcassets */; };
		F82609992C184C3200EBA2E2 /* Base in Resources */ = {isa = PBXBuildFile; fileRef = F82609982C184C3200EBA2E2 /* Base */; };
		F826099C2C184C3200EBA2E2 /* main.m in Sources */ = {isa = PBXBuildFile; fileRef = F826099B2C184C3200EBA2E2 /* main.m */; };
		F89458E72C18A31400433174 /* GCDPerson.m in Sources */ = {isa = PBXBuildFile; fileRef = F89458E62C18A31400433174 /* GCDPerson.m */; };
/* End PBXBuildFile section */

/* Begin PBXFileReference section */
		F82609862C184C2F00EBA2E2 /* GCDTest.app */ = {isa = PBXFileReference; explicitFileType = wrapper.application; includeInIndex = 0; path = GCDTest.app; sourceTree = BUILT_PRODUCTS_DIR; };
		F82609892C184C2F00EBA2E2 /* AppDelegate.h */ = {isa = PBXFileReference; lastKnownFileType = sourcecode.c.h; path = AppDelegate.h; sourceTree = "<group>"; };
		F826098A2C184C2F00EBA2E2 /* AppDelegate.m */ = {isa = PBXFileReference; lastKnownFileType = sourcecode.c.objc; path = AppDelegate.m; sourceTree = "<group>"; };
		F826098C2C184C2F00EBA2E2 /* SceneDelegate.h */ = {isa = PBXFileReference; lastKnownFileType = sourcecode.c.h; path = SceneDelegate.h; sourceTree = "<group>"; };
		F826098D2C184C2F00EBA2E2 /* SceneDelegate.m */ = {isa = PBXFileReference; lastKnownFileType = sourcecode.c.objc; path = SceneDelegate.m; sourceTree = "<group>"; };
		F826098F2C184C2F00EBA2E2 /* ViewController.h */ = {isa = PBXFileReference; lastKnownFileType = sourcecode.c.h; path = ViewController.h; sourceTree = "<group>"; };
		F82609902C184C2F00EBA2E2 /* ViewController.m */ = {isa = PBXFileReference; lastKnownFileType = sourcecode.c.objc; path = ViewController.m; sourceTree = "<group>"; };
		F82609932C184C2F00EBA2E2 /* Base */ = {isa = PBXFileReference; lastKnownFileType = file.storyboard; name = Base; path = Base.lproj/Main.storyboard; sourceTree = "<group>"; };
		F82609952C184C3200EBA2E2 /* Assets.xcassets */ = {isa = PBXFileReference; lastKnownFileType = folder.assetcatalog; path = Assets.xcassets; sourceTree = "<group>"; };
		F82609982C184C3200EBA2E2 /* Base */ = {isa = PBXFileReference; lastKnownFileType = file.storyboard; name = Base; path = Base.lproj/LaunchScreen.storyboard; sourceTree = "<group>"; };
		F826099A2C184C3200EBA2E2 /* Info.plist */ = {isa = PBXFileReference; lastKnownFileType = text.plist.xml; path = Info.plist; sourceTree = "<group>"; };
		F826099B2C184C3200EBA2E2 /* main.m */ = {isa = PBXFileReference; lastKnownFileType = sourcecode.c.objc; path = main.m; sourceTree = "<group>"; };
		F89458E52C18A31400433174 /* GCDPerson.h */ = {isa = PBXFileReference; lastKnownFileType = sourcecode.c.h; path = GCDPerson.h; sourceTree = "<group>"; };
		F89458E62C18A31400433174 /* GCDPerson.m */ = {isa = PBXFileReference; lastKnownFileType = sourcecode.c.objc; path = GCDPerson.m; sourceTree = "<group>"; };
/* End PBXFileReference section */

/* Begin PBXFrameworksBuildPhase section */
		F82609832C184C2F00EBA2E2 /* Frameworks */ = {
			isa = PBXFrameworksBuildPhase;
			buildActionMask = 2147483647;
			files = (
			);
			runOnlyForDeploymentPostprocessing = 0;
		};
/* End PBXFrameworksBuildPhase section */

/* Begin PBXGroup section */
		F826097D2C184C2E00EBA2E2 = {
			isa = PBXGroup;
			children = (
				F82609882C184C2F00EBA2E2 /* GCDTest */,
				F82609872C184C2F00EBA2E2 /* Products */,
			);
			sourceTree = "<group>";
		};
		F82609872C184C2F00EBA2E2 /* Products */ = {
			isa = PBXGroup;
			children = (
				F82609862C184C2F00EBA2E2 /* GCDTest.app */,
			);
			name = Products;
			sourceTree = "<group>";
		};
		F82609882C184C2F00EBA2E2 /* GCDTest */ = {
			isa = PBXGroup;
			children = (
				F82609892C184C2F00EBA2E2 /* AppDelegate.h */,
				F826098A2C184C2F00EBA2E2 /* AppDelegate.m */,
				F826098C2C184C2F00EBA2E2 /* SceneDelegate.h */,
				F826098D2C184C2F00EBA2E2 /* SceneDelegate.m */,
				F826098F2C184C2F00EBA2E2 /* ViewController.h */,
				F82609902C184C2F00EBA2E2 /* ViewController.m */,
				F89458E52C18A31400433174 /* GCDPerson.h */,
				F89458E62C18A31400433174 /* GCDPerson.m */,
				F82609922C184C2F00EBA2E2 /* Main.storyboard */,
				F82609952C184C3200EBA2E2 /* Assets.xcassets */,
				F82609972C184C3200EBA2E2 /* LaunchScreen.storyboard */,
				F826099A2C184C3200EBA2E2 /* Info.plist */,
				F826099B2C184C3200EBA2E2 /* main.m */,
			);
			path = GCDTest;
			sourceTree = "<group>";
		};
/* End PBXGroup section */

/* Begin PBXNativeTarget section */
		F82609852C184C2F00EBA2E2 /* GCDTest */ = {
			isa = PBXNativeTarget;
			buildConfigurationList = F826099F2C184C3200EBA2E2 /* Build configuration list for PBXNativeTarget "GCDTest" */;
			buildPhases = (
				F82609822C184C2F00EBA2E2 /* Sources */,
				F82609832C184C2F00EBA2E2 /* Frameworks */,
				F82609842C184C2F00EBA2E2 /* Resources */,
			);
			buildRules = (
			);
			dependencies = (
			);
			name = GCDTest;
			productName = GCDTest;
			productReference = F82609862C184C2F00EBA2E2 /* GCDTest.app */;
			productType = "com.apple.product-type.application";
		};
/* End PBXNativeTarget section */

/* Begin PBXProject section */
		F826097E2C184C2E00EBA2E2 /* Project object */ = {
			isa = PBXProject;
			attributes = {
				BuildIndependentTargetsInParallel = 1;
				LastUpgradeCheck = 1540;
				TargetAttributes = {
					F82609852C184C2F00EBA2E2 = {
						CreatedOnToolsVersion = 15.4;
					};
				};
			};
			buildConfigurationList = F82609812C184C2E00EBA2E2 /* Build configuration list for PBXProject "GCDTest" */;
			compatibilityVersion = "Xcode 14.0";
			developmentRegion = en;
			hasScannedForEncodings = 0;
			knownRegions = (
				en,
				Base,
			);
			mainGroup = F826097D2C184C2E00EBA2E2;
			productRefGroup = F82609872C184C2F00EBA2E2 /* Products */;
			projectDirPath = "";
			projectRoot = "";
			targets = (
				F82609852C184C2F00EBA2E2 /* GCDTest */,
			);
		};
/* End PBXProject section */

/* Begin PBXResourcesBuildPhase section */
		F82609842C184C2F00EBA2E2 /* Resources */ = {
			isa = PBXResourcesBuildPhase;
			buildActionMask = 2147483647;
			files = (
				F82609962C184C3200EBA2E2 /* Assets.xcassets in Resources */,
				F82609992C184C3200EBA2E2 /* Base in Resources */,
				F82609942C184C2F00EBA2E2 /* Base in Resources */,
			);
			runOnlyForDeploymentPostprocessing = 0;
		};
/* End PBXResourcesBuildPhase section */

/* Begin PBXSourcesBuildPhase section */
		F82609822C184C2F00EBA2E2 /* Sources */ = {
			isa = PBXSourcesBuildPhase;
			buildActionMask = 2147483647;
			files = (
				F82609912C184C2F00EBA2E2 /* ViewController.m in Sources */,
				F826098B2C184C2F00EBA2E2 /* AppDelegate.m in Sources */,
				F826099C2C184C3200EBA2E2 /* main.m in Sources */,
				F89458E72C18A31400433174 /* GCDPerson.m in Sources */,
				F826098E2C184C2F00EBA2E2 /* SceneDelegate.m in Sources */,
			);
			runOnlyForDeploymentPostprocessing = 0;
		};
/* End PBXSourcesBuildPhase section */

/* Begin PBXVariantGroup section */
		F82609922C184C2F00EBA2E2 /* Main.storyboard */ = {
			isa = PBXVariantGroup;
			children = (
				F82609932C184C2F00EBA2E2 /* Base */,
			);
			name = Main.storyboard;
			sourceTree = "<group>";
		};
		F82609972C184C3200EBA2E2 /* LaunchScreen.storyboard */ = {
			isa = PBXVariantGroup;
			children = (
				F82609982C184C3200EBA2E2 /* Base */,
			);
			name = LaunchScreen.storyboard;
			sourceTree = "<group>";
		};
/* End PBXVariantGroup section */

/* Begin XCBuildConfiguration section */
		F826099D2C184C3200EBA2E2 /* Debug */ = {
			isa = XCBuildConfiguration;
			buildSettings = {
				ALWAYS_SEARCH_USER_PATHS = NO;
				ASSETCATALOG_COMPILER_GENERATE_SWIFT_ASSET_SYMBOL_EXTENSIONS = YES;
				CLANG_ANALYZER_NONNULL = YES;
				CLANG_ANALYZER_NUMBER_OBJECT_CONVERSION = YES_AGGRESSIVE;
				CLANG_CXX_LANGUAGE_STANDARD = "gnu++20";
				CLANG_ENABLE_MODULES = YES;
				CLANG_ENABLE_OBJC_ARC = YES;
				CLANG_ENABLE_OBJC_WEAK = YES;
				CLANG_WARN_BLOCK_CAPTURE_AUTORELEASING = YES;
				CLANG_WARN_BOOL_CONVERSION = YES;
				CLANG_WARN_COMMA = YES;
				CLANG_WARN_CONSTANT_CONVERSION = YES;
				CLANG_WARN_DEPRECATED_OBJC_IMPLEMENTATIONS = YES;
				CLANG_WARN_DIRECT_OBJC_ISA_USAGE = YES_ERROR;
				CLANG_WARN_DOCUMENTATION_COMMENTS = YES;
				CLANG_WARN_EMPTY_BODY = YES;
				CLANG_WARN_ENUM_CONVERSION = YES;
				CLANG_WARN_INFINITE_RECURSION = YES;
				CLANG_WARN_INT_CONVERSION = YES;
				CLANG_WARN_NON_LITERAL_NULL_CONVERSION = YES;
				CLANG_WARN_OBJC_IMPLICIT_RETAIN_SELF = YES;
				CLANG_WARN_OBJC_LITERAL_CONVERSION = YES;
				CLANG_WARN_OBJC_ROOT_CLASS = YES_ERROR;
				CLANG_WARN_QUOTED_INCLUDE_IN_FRAMEWORK_HEADER = YES;
				CLANG_WARN_RANGE_LOOP_ANALYSIS = YES;
				CLANG_WARN_STRICT_PROTOTYPES = YES;
				CLANG_WARN_SUSPICIOUS_MOVE = YES;
				CLANG_WARN_UNGUARDED_AVAILABILITY = YES_AGGRESSIVE;
				CLANG_WARN_UNREACHABLE_CODE = YES;
				CLANG_WARN__DUPLICATE_METHOD_MATCH = YES;
				COPY_PHASE_STRIP = NO;
				DEBUG_INFORMATION_FORMAT = dwarf;
				ENABLE_STRICT_OBJC_MSGSEND = YES;
				ENABLE_TESTABILITY = YES;
				ENABLE_USER_SCRIPT_SANDBOXING = YES;
				GCC_C_LANGUAGE_STANDARD = gnu17;
				GCC_DYNAMIC_NO_PIC = NO;
				GCC_NO_COMMON_BLOCKS = YES;
				GCC_OPTIMIZATION_LEVEL = 0;
				GCC_PREPROCESSOR_DEFINITIONS = (
					"DEBUG=1",
					"$(inherited)",
				);
				GCC_WARN_64_TO_32_BIT_CONVERSION = YES;
				GCC_WARN_ABOUT_RETURN_TYPE = YES_ERROR;
				GCC_WARN_UNDECLARED_SELECTOR = YES;
				GCC_WARN_UNINITIALIZED_AUTOS = YES_AGGRESSIVE;
				GCC_WARN_UNUSED_FUNCTION = YES;
				GCC_WARN_UNUSED_VARIABLE = YES;
				IPHONEOS_DEPLOYMENT_TARGET = 17.5;
				LOCALIZATION_PREFERS_STRING_CATALOGS = YES;
				MTL_ENABLE_DEBUG_INFO = INCLUDE_SOURCE;
				MTL_FAST_MATH = YES;
				ONLY_ACTIVE_ARCH = YES;
				SDKROOT = iphoneos;
			};
			name = Debug;
		};
		F826099E2C184C3200EBA2E2 /* Release */ = {
			isa = XCBuildConfiguration;
			buildSettings = {
				ALWAYS_SEARCH_USER_PATHS = NO;
				ASSETCATALOG_COMPILER_GENERATE_SWIFT_ASSET_SYMBOL_EXTENSIONS = YES;
				CLANG_ANALYZER_NONNULL = YES;
				CLANG_ANALYZER_NUMBER_OBJECT_CONVERSION = YES_AGGRESSIVE;
				CLANG_CXX_LANGUAGE_STANDARD = "gnu++20";
				CLANG_ENABLE_MODULES = YES;
				CLANG_ENABLE_OBJC_ARC = YES;
				CLANG_ENABLE_OBJC_WEAK = YES;
				CLANG_WARN_BLOCK_CAPTURE_AUTORELEASING = YES;
				CLANG_WARN_BOOL_CONVERSION = YES;
				CLANG_WARN_COMMA = YES;
				CLANG_WARN_CONSTANT_CONVERSION = YES;
				CLANG_WARN_DEPRECATED_OBJC_IMPLEMENTATIONS = YES;
				CLANG_WARN_DIRECT_OBJC_ISA_USAGE = YES_ERROR;
				CLANG_WARN_DOCUMENTATION_COMMENTS = YES;
				CLANG_WARN_EMPTY_BODY = YES;
				CLANG_WARN_ENUM_CONVERSION = YES;
				CLANG_WARN_INFINITE_RECURSION = YES;
				CLANG_WARN_INT_CONVERSION = YES;
				CLANG_WARN_NON_LITERAL_NULL_CONVERSION = YES;
				CLANG_WARN_OBJC_IMPLICIT_RETAIN_SELF = YES;
				CLANG_WARN_OBJC_LITERAL_CONVERSION = YES;
				CLANG_WARN_OBJC_ROOT_CLASS = YES_ERROR;
				CLANG_WARN_QUOTED_INCLUDE_IN_FRAMEWORK_HEADER = YES;
				CLANG_WARN_RANGE_LOOP_ANALYSIS = YES;
				CLANG_WARN_STRICT_PROTOTYPES = YES;
				CLANG_WARN_SUSPICIOUS_MOVE = YES;
				CLANG_WARN_UNGUARDED_AVAILABILITY = YES_AGGRESSIVE;
				CLANG_WARN_UNREACHABLE_CODE = YES;
				CLANG_WARN__DUPLICATE_METHOD_MATCH = YES;
				COPY_PHASE_STRIP = NO;
				DEBUG_INFORMATION_FORMAT = "dwarf-with-dsym";
				ENABLE_NS_ASSERTIONS = NO;
				ENABLE_STRICT_OBJC_MSGSEND = YES;
				ENABLE_USER_SCRIPT_SANDBOXING = YES;
				GCC_C_LANGUAGE_STANDARD = gnu17;
				GCC_NO_COMMON_BLOCKS = YES;
				GCC_WARN_64_TO_32_BIT_CONVERSION = YES;
				GCC_WARN_ABOUT_RETURN_TYPE = YES_ERROR;
				GCC_WARN_UNDECLARED_SELECTOR = YES;
				GCC_WARN_UNINITIALIZED_AUTOS = YES_AGGRESSIVE;
				GCC_WARN_UNUSED_FUNCTION = YES;
				GCC_WARN_UNUSED_VARIABLE = YES;
				IPHONEOS_DEPLOYMENT_TARGET = 17.5;
				LOCALIZATION_PREFERS_STRING_CATALOGS = YES;
				MTL_ENABLE_DEBUG_INFO = NO;
				MTL_FAST_MATH = YES;
				SDKROOT = iphoneos;
				VALIDATE_PRODUCT = YES;
			};
			name = Release;
		};
		F82609A02C184C3200EBA2E2 /* Debug */ = {
			isa = XCBuildConfiguration;
			buildSettings = {
				ASSETCATALOG_COMPILER_APPICON_NAME = AppIcon;
				ASSETCATALOG_COMPILER_GLOBAL_ACCENT_COLOR_NAME = AccentColor;
				CODE_SIGN_STYLE = Automatic;
				CURRENT_PROJECT_VERSION = 1;
				GENERATE_INFOPLIST_FILE = YES;
				INFOPLIST_FILE = GCDTest/Info.plist;
				INFOPLIST_KEY_UIApplicationSupportsIndirectInputEvents = YES;
				INFOPLIST_KEY_UILaunchStoryboardName = LaunchScreen;
				INFOPLIST_KEY_UIMainStoryboardFile = Main;
				INFOPLIST_KEY_UISupportedInterfaceOrientations_iPad = "UIInterfaceOrientationPortrait UIInterfaceOrientationPortraitUpsideDown UIInterfaceOrientationLandscapeLeft UIInterfaceOrientationLandscapeRight";
				INFOPLIST_KEY_UISupportedInterfaceOrientations_iPhone = "UIInterfaceOrientationPortrait UIInterfaceOrientationLandscapeLeft UIInterfaceOrientationLandscapeRight";
				LD_RUNPATH_SEARCH_PATHS = (
					"$(inherited)",
					"@executable_path/Frameworks",
				);
				MARKETING_VERSION = 1.0;
				PRODUCT_BUNDLE_IDENTIFIER = com.ruihou.GCDTest;
				PRODUCT_NAME = "$(TARGET_NAME)";
				SWIFT_EMIT_LOC_STRINGS = YES;
				TARGETED_DEVICE_FAMILY = "1,2";
			};
			name = Debug;
		};
		F82609A12C184C3200EBA2E2 /* Release */ = {
			isa = XCBuildConfiguration;
			buildSettings = {
				ASSETCATALOG_COMPILER_APPICON_NAME = AppIcon;
				ASSETCATALOG_COMPILER_GLOBAL_ACCENT_COLOR_NAME = AccentColor;
				CODE_SIGN_STYLE = Automatic;
				CURRENT_PROJECT_VERSION = 1;
				GENERATE_INFOPLIST_FILE = YES;
				INFOPLIST_FILE = GCDTest/Info.plist;
				INFOPLIST_KEY_UIApplicationSupportsIndirectInputEvents = YES;
				INFOPLIST_KEY_UILaunchStoryboardName = LaunchScreen;
				INFOPLIST_KEY_UIMainStoryboardFile = Main;
				INFOPLIST_KEY_UISupportedInterfaceOrientations_iPad = "UIInterfaceOrientationPortrait UIInterfaceOrientationPortraitUpsideDown UIInterfaceOrientationLandscapeLeft UIInterfaceOrientationLandscapeRight";
				INFOPLIST_KEY_UISupportedInterfaceOrientations_iPhone = "UIInterfaceOrientationPortrait UIInterfaceOrientationLandscapeLeft UIInterfaceOrientationLandscapeRight";
				LD_RUNPATH_SEARCH_PATHS = (
					"$(inherited)",
					"@executable_path/Frameworks",
				);
				MARKETING_VERSION = 1.0;
				PRODUCT_BUNDLE_IDENTIFIER = com.ruihou.GCDTest;
				PRODUCT_NAME = "$(TARGET_NAME)";
				SWIFT_EMIT_LOC_STRINGS = YES;
				TARGETED_DEVICE_FAMILY = "1,2";
			};
			name = Release;
		};
/* End XCBuildConfiguration section */

/* Begin XCConfigurationList section */
		F82609812C184C2E00EBA2E2 /* Build configuration list for PBXProject "GCDTest" */ = {
			isa = XCConfigurationList;
			buildConfigurations = (
				F826099D2C184C3200EBA2E2 /* Debug */,
				F826099E2C184C3200EBA2E2 /* Release */,
			);
			defaultConfigurationIsVisible = 0;
			defaultConfigurationName = Release;
		};
		F826099F2C184C3200EBA2E2 /* Build configuration list for PBXNativeTarget "GCDTest" */ = {
			isa = XCConfigurationList;
			buildConfigurations = (
				F82609A02C184C3200EBA2E2 /* Debug */,
				F82609A12C184C3200EBA2E2 /* Release */,
			);
			defaultConfigurationIsVisible = 0;
			defaultConfigurationName = Release;
		};
/* End XCConfigurationList section */
	};
	rootObject = F826097E2C184C2E00EBA2E2 /* Project object */;
}
